PATH
  remote: ..
  specs:
    responds_to_parent (1.1.0)
      actionpack (>= 3.2.22, < 5.0)

GEM
  remote: https://rubygems.org/
  specs:
    actionpack (4.1.15)
      actionview (= 4.1.15)
      activesupport (= 4.1.15)
      rack (~> 1.5.2)
      rack-test (~> 0.6.2)
    actionview (4.1.15)
      activesupport (= 4.1.15)
      builder (~> 3.1)
      erubis (~> 2.7.0)
    activesupport (4.1.15)
      i18n (~> 0.6, >= 0.6.9)
      json (~> 1.7, >= 1.7.7)
      minitest (~> 5.1)
      thread_safe (~> 0.1)
      tzinfo (~> 1.1)
    builder (3.2.2)
    bump (0.5.3)
    byebug (8.2.2)
    erubis (2.7.0)
    i18n (0.7.0)
    json (1.8.6)
    minitest (5.8.4)
    rack (1.5.5)
    rack-test (0.6.3)
      rack (>= 1.0)
    rake (11.1.1)
    thread_safe (0.3.5)
    tzinfo (1.2.2)
      thread_safe (~> 0.1)
    wwtd (1.3.0)

PLATFORMS
  ruby

DEPENDENCIES
  actionpack (~> 4.1.15)
  bump
  byebug
  minitest
  rake
  responds_to_parent!
  wwtd

BUNDLED WITH
   1.17.3
